
Microsoft Visual Studio Solution File, Format Version 12.00
# Visual Studio 15
VisualStudioVersion = 15.0.28010.2041
MinimumVisualStudioVersion = 10.0.40219.1
Project("{F2A71F9B-5D33-465A-A702-920D77279786}") = "FunPad.XamlResource", "FunPad.Resource\FunPad.XamlResource.fsproj", "{1F4A0951-8BCC-4031-AF8F-C48D22F70358}"
EndProject
Project("{F2A71F9B-5D33-465A-A702-920D77279786}") = "FunPad", "FunPad\FunPad.fsproj", "{2C6262A2-1F8A-4FCA-A8C2-1EDE155D048A}"
EndProject
Global
	GlobalSection(SolutionConfigurationPlatforms) = preSolution
		Debug|Any CPU = Debug|Any CPU
		Release|Any CPU = Release|Any CPU
	EndGlobalSection
	GlobalSection(ProjectConfigurationPlatforms) = postSolution
		{1F4A0951-8BCC-4031-AF8F-C48D22F70358}.Debug|Any CPU.ActiveCfg = Debug|Any CPU
		{1F4A0951-8BCC-4031-AF8F-C48D22F70358}.Debug|Any CPU.Build.0 = Debug|Any CPU
		{1F4A0951-8BCC-4031-AF8F-C48D22F70358}.Release|Any CPU.ActiveCfg = Release|Any CPU
		{1F4A0951-8BCC-4031-AF8F-C48D22F70358}.Release|Any CPU.Build.0 = Release|Any CPU
		{2C6262A2-1F8A-4FCA-A8C2-1EDE155D048A}.Debug|Any CPU.ActiveCfg = Debug|Any CPU
		{2C6262A2-1F8A-4FCA-A8C2-1EDE155D048A}.Debug|Any CPU.Build.0 = Debug|Any CPU
		{2C6262A2-1F8A-4FCA-A8C2-1EDE155D048A}.Release|Any CPU.ActiveCfg = Release|Any CPU
		{2C6262A2-1F8A-4FCA-A8C2-1EDE155D048A}.Release|Any CPU.Build.0 = Release|Any CPU
	EndGlobalSection
	GlobalSection(SolutionProperties) = preSolution
		HideSolutionNode = FALSE
	EndGlobalSection
	GlobalSection(ExtensibilityGlobals) = postSolution
		SolutionGuid = {E465E687-8121-4011-8F2A-E314809FF14E}
	EndGlobalSection
EndGlobal
